
Microsoft Visual Studio Solution File, Format Version 12.00
# Visual Studio Version 17
VisualStudioVersion = 17.14.36623.8
MinimumVisualStudioVersion = 10.0.40219.1
Project("{FAE04EC0-301F-11D3-BF4B-00C04F79EFBC}") = "BlogDataLibrary", "BlogDataLibrary\BlogDataLibrary.csproj", "{3D50AC82-35C3-4BEA-AF3C-8C4A10F5F2E0}"
EndProject
Project("{00D1A9C2-B5F0-4AF3-8072-F6C62B433612}") = "DayaoBlogDB", "..\DayaoBlogDB\DayaoBlogDB.sqlproj", "{BFB11DF3-0BAF-41EA-8B93-912C2A194E25}"
EndProject
Project("{FAE04EC0-301F-11D3-BF4B-00C04F79EFBC}") = "BlogTestUI", "BlogTestUI\BlogTestUI.csproj", "{D1CB1D52-A2C1-4C69-8717-8EBB6841AA90}"
EndProject
Project("{FAE04EC0-301F-11D3-BF4B-00C04F79EFBC}") = "BlogAPI", "BlogAPI\BlogAPI.csproj", "{55BDDC61-97AB-446E-A091-B10965889C94}"
EndProject
Global
	GlobalSection(SolutionConfigurationPlatforms) = preSolution
		Debug|Any CPU = Debug|Any CPU
		Release|Any CPU = Release|Any CPU
	EndGlobalSection
	GlobalSection(ProjectConfigurationPlatforms) = postSolution
		{3D50AC82-35C3-4BEA-AF3C-8C4A10F5F2E0}.Debug|Any CPU.ActiveCfg = Debug|Any CPU
		{3D50AC82-35C3-4BEA-AF3C-8C4A10F5F2E0}.Debug|Any CPU.Build.0 = Debug|Any CPU
		{3D50AC82-35C3-4BEA-AF3C-8C4A10F5F2E0}.Release|Any CPU.ActiveCfg = Release|Any CPU
		{3D50AC82-35C3-4BEA-AF3C-8C4A10F5F2E0}.Release|Any CPU.Build.0 = Release|Any CPU
		{BFB11DF3-0BAF-41EA-8B93-912C2A194E25}.Debug|Any CPU.ActiveCfg = Debug|Any CPU
		{BFB11DF3-0BAF-41EA-8B93-912C2A194E25}.Debug|Any CPU.Build.0 = Debug|Any CPU
		{BFB11DF3-0BAF-41EA-8B93-912C2A194E25}.Debug|Any CPU.Deploy.0 = Debug|Any CPU
		{BFB11DF3-0BAF-41EA-8B93-912C2A194E25}.Release|Any CPU.ActiveCfg = Release|Any CPU
		{BFB11DF3-0BAF-41EA-8B93-912C2A194E25}.Release|Any CPU.Build.0 = Release|Any CPU
		{BFB11DF3-0BAF-41EA-8B93-912C2A194E25}.Release|Any CPU.Deploy.0 = Release|Any CPU
		{D1CB1D52-A2C1-4C69-8717-8EBB6841AA90}.Debug|Any CPU.ActiveCfg = Debug|Any CPU
		{D1CB1D52-A2C1-4C69-8717-8EBB6841AA90}.Debug|Any CPU.Build.0 = Debug|Any CPU
		{D1CB1D52-A2C1-4C69-8717-8EBB6841AA90}.Release|Any CPU.ActiveCfg = Release|Any CPU
		{D1CB1D52-A2C1-4C69-8717-8EBB6841AA90}.Release|Any CPU.Build.0 = Release|Any CPU
		{55BDDC61-97AB-446E-A091-B10965889C94}.Debug|Any CPU.ActiveCfg = Debug|Any CPU
		{55BDDC61-97AB-446E-A091-B10965889C94}.Debug|Any CPU.Build.0 = Debug|Any CPU
		{55BDDC61-97AB-446E-A091-B10965889C94}.Release|Any CPU.ActiveCfg = Release|Any CPU
		{55BDDC61-97AB-446E-A091-B10965889C94}.Release|Any CPU.Build.0 = Release|Any CPU
	EndGlobalSection
	GlobalSection(SolutionProperties) = preSolution
		HideSolutionNode = FALSE
	EndGlobalSection
	GlobalSection(ExtensibilityGlobals) = postSolution
		SolutionGuid = {12CFD8F5-B5CD-46C4-9E63-D9BFC417CFCF}
	EndGlobalSection
EndGlobal
